
Microsoft Visual Studio Solution File, Format Version 12.00
# Visual Studio 14
VisualStudioVersion = 14.0.25123.0
MinimumVisualStudioVersion = 10.0.40219.1
Project("{FAE04EC0-301F-11D3-BF4B-00C04F79EFBC}") = "YouZan.Plugin.AutoShipment", "YouZan.Plugin.AutoShipment\YouZan.Plugin.AutoShipment.csproj", "{6AFEFC24-21DC-4957-800B-00058547AD40}"
EndProject
Project("{FAE04EC0-301F-11D3-BF4B-00C04F79EFBC}") = "YouZan.SDK", "YouZan.SDK\YouZan.SDK.csproj", "{CE72912D-934E-4811-AB8C-DC1022E78DA6}"
EndProject
Global
	GlobalSection(SolutionConfigurationPlatforms) = preSolution
		Debug|Any CPU = Debug|Any CPU
		Release|Any CPU = Release|Any CPU
	EndGlobalSection
	GlobalSection(ProjectConfigurationPlatforms) = postSolution
		{6AFEFC24-21DC-4957-800B-00058547AD40}.Debug|Any CPU.ActiveCfg = Debug|Any CPU
		{6AFEFC24-21DC-4957-800B-00058547AD40}.Debug|Any CPU.Build.0 = Debug|Any CPU
		{6AFEFC24-21DC-4957-800B-00058547AD40}.Release|Any CPU.ActiveCfg = Release|Any CPU
		{6AFEFC24-21DC-4957-800B-00058547AD40}.Release|Any CPU.Build.0 = Release|Any CPU
		{CE72912D-934E-4811-AB8C-DC1022E78DA6}.Debug|Any CPU.ActiveCfg = Debug|Any CPU
		{CE72912D-934E-4811-AB8C-DC1022E78DA6}.Debug|Any CPU.Build.0 = Debug|Any CPU
		{CE72912D-934E-4811-AB8C-DC1022E78DA6}.Release|Any CPU.ActiveCfg = Release|Any CPU
		{CE72912D-934E-4811-AB8C-DC1022E78DA6}.Release|Any CPU.Build.0 = Release|Any CPU
	EndGlobalSection
	GlobalSection(SolutionProperties) = preSolution
		HideSolutionNode = FALSE
	EndGlobalSection
EndGlobal
